// !$*UTF8*$!
{
	archiveVersion = 1;
	classes = {
	};
	objectVersion = 56;
	objects = {

/* Begin PBXBuildFile section */
		35C1EA712BF3715E005AFFC8 /* task_managementApp.swift in Sources */ = {isa = PBXBuildFile; fileRef = 35C1EA702BF3715E005AFFC8 /* task_managementApp.swift */; };
		35C1EA732BF3715E005AFFC8 /* ContentView.swift in Sources */ = {isa = PBXBuildFile; fileRef = 35C1EA722BF3715E005AFFC8 /* ContentView.swift */; };
		35C1EA752BF37160005AFFC8 /* Assets.xcassets in Resources */ = {isa = PBXBuildFile; fileRef = 35C1EA742BF37160005AFFC8 /* Assets.xcassets */; };
		35C1EA782BF37160005AFFC8 /* Preview Assets.xcassets in Resources */ = {isa = PBXBuildFile; fileRef = 35C1EA772BF37160005AFFC8 /* Preview Assets.xcassets */; };
		35C1EA822BF37160005AFFC8 /* task_managementTests.swift in Sources */ = {isa = PBXBuildFile; fileRef = 35C1EA812BF37160005AFFC8 /* task_managementTests.swift */; };
		35C1EA8C2BF37160005AFFC8 /* task_managementUITests.swift in Sources */ = {isa = PBXBuildFile; fileRef = 35C1EA8B2BF37160005AFFC8 /* task_managementUITests.swift */; };
		35C1EA8E2BF37160005AFFC8 /* task_managementUITestsLaunchTests.swift in Sources */ = {isa = PBXBuildFile; fileRef = 35C1EA8D2BF37160005AFFC8 /* task_managementUITestsLaunchTests.swift */; };
/* End PBXBuildFile section */

/* Begin PBXContainerItemProxy section */
		35C1EA7E2BF37160005AFFC8 /* PBXContainerItemProxy */ = {
			isa = PBXContainerItemProxy;
			containerPortal = 35C1EA652BF3715E005AFFC8 /* Project object */;
			proxyType = 1;
			remoteGlobalIDString = 35C1EA6C2BF3715E005AFFC8;
			remoteInfo = "task-management";
		};
		35C1EA882BF37160005AFFC8 /* PBXContainerItemProxy */ = {
			isa = PBXContainerItemProxy;
			containerPortal = 35C1EA652BF3715E005AFFC8 /* Project object */;
			proxyType = 1;
			remoteGlobalIDString = 35C1EA6C2BF3715E005AFFC8;
			remoteInfo = "task-management";
		};
/* End PBXContainerItemProxy section */

/* Begin PBXFileReference section */
		35C1EA6D2BF3715E005AFFC8 /* task-management.app */ = {isa = PBXFileReference; explicitFileType = wrapper.application; includeInIndex = 0; path = "task-management.app"; sourceTree = BUILT_PRODUCTS_DIR; };
		35C1EA702BF3715E005AFFC8 /* task_managementApp.swift */ = {isa = PBXFileReference; lastKnownFileType = sourcecode.swift; path = task_managementApp.swift; sourceTree = "<group>"; };
		35C1EA722BF3715E005AFFC8 /* ContentView.swift */ = {isa = PBXFileReference; lastKnownFileType = sourcecode.swift; path = ContentView.swift; sourceTree = "<group>"; };
		35C1EA742BF37160005AFFC8 /* Assets.xcassets */ = {isa = PBXFileReference; lastKnownFileType = folder.assetcatalog; path = Assets.xcassets; sourceTree = "<group>"; };
		35C1EA772BF37160005AFFC8 /* Preview Assets.xcassets */ = {isa = PBXFileReference; lastKnownFileType = folder.assetcatalog; path = "Preview Assets.xcassets"; sourceTree = "<group>"; };
		35C1EA7D2BF37160005AFFC8 /* task-managementTests.xctest */ = {isa = PBXFileReference; explicitFileType = wrapper.cfbundle; includeInIndex = 0; path = "task-managementTests.xctest"; sourceTree = BUILT_PRODUCTS_DIR; };
		35C1EA812BF37160005AFFC8 /* task_managementTests.swift */ = {isa = PBXFileReference; lastKnownFileType = sourcecode.swift; path = task_managementTests.swift; sourceTree = "<group>"; };
		35C1EA872BF37160005AFFC8 /* task-managementUITests.xctest */ = {isa = PBXFileReference; explicitFileType = wrapper.cfbundle; includeInIndex = 0; path = "task-managementUITests.xctest"; sourceTree = BUILT_PRODUCTS_DIR; };
		35C1EA8B2BF37160005AFFC8 /* task_managementUITests.swift */ = {isa = PBXFileReference; lastKnownFileType = sourcecode.swift; path = task_managementUITests.swift; sourceTree = "<group>"; };
		35C1EA8D2BF37160005AFFC8 /* task_managementUITestsLaunchTests.swift */ = {isa = PBXFileReference; lastKnownFileType = sourcecode.swift; path = task_managementUITestsLaunchTests.swift; sourceTree = "<group>"; };
/* End PBXFileReference section */

/* Begin PBXFrameworksBuildPhase section */
		35C1EA6A2BF3715E005AFFC8 /* Frameworks */ = {
			isa = PBXFrameworksBuildPhase;
			buildActionMask = 2147483647;
			files = (
			);
			runOnlyForDeploymentPostprocessing = 0;
		};
		35C1EA7A2BF37160005AFFC8 /* Frameworks */ = {
			isa = PBXFrameworksBuildPhase;
			buildActionMask = 2147483647;
			files = (
			);
			runOnlyForDeploymentPostprocessing = 0;
		};
		35C1EA842BF37160005AFFC8 /* Frameworks */ = {
			isa = PBXFrameworksBuildPhase;
			buildActionMask = 2147483647;
			files = (
			);
			runOnlyForDeploymentPostprocessing = 0;
		};
/* End PBXFrameworksBuildPhase section */

/* Begin PBXGroup section */
		35C1EA642BF3715E005AFFC8 = {
			isa = PBXGroup;
			children = (
				35C1EA6F2BF3715E005AFFC8 /* task-management */,
				35C1EA802BF37160005AFFC8 /* task-managementTests */,
				35C1EA8A2BF37160005AFFC8 /* task-managementUITests */,
				35C1EA6E2BF3715E005AFFC8 /* Products */,
			);
			sourceTree = "<group>";
		};
		35C1EA6E2BF3715E005AFFC8 /* Products */ = {
			isa = PBXGroup;
			children = (
				35C1EA6D2BF3715E005AFFC8 /* task-management.app */,
				35C1EA7D2BF37160005AFFC8 /* task-managementTests.xctest */,
				35C1EA872BF37160005AFFC8 /* task-managementUITests.xctest */,
			);
			name = Products;
			sourceTree = "<group>";
		};
		35C1EA6F2BF3715E005AFFC8 /* task-management */ = {
			isa = PBXGroup;
			children = (
				35C1EA702BF3715E005AFFC8 /* task_managementApp.swift */,
				35C1EA722BF3715E005AFFC8 /* ContentView.swift */,
				35C1EA742BF37160005AFFC8 /* Assets.xcassets */,
				35C1EA762BF37160005AFFC8 /* Preview Content */,
			);
			path = "task-management";
			sourceTree = "<group>";
		};
		35C1EA762BF37160005AFFC8 /* Preview Content */ = {
			isa = PBXGroup;
			children = (
				35C1EA772BF37160005AFFC8 /* Preview Assets.xcassets */,
			);
			path = "Preview Content";
			sourceTree = "<group>";
		};
		35C1EA802BF37160005AFFC8 /* task-managementTests */ = {
			isa = PBXGroup;
			children = (
				35C1EA812BF37160005AFFC8 /* task_managementTests.swift */,
			);
			path = "task-managementTests";
			sourceTree = "<group>";
		};
		35C1EA8A2BF37160005AFFC8 /* task-managementUITests */ = {
			isa = PBXGroup;
			children = (
				35C1EA8B2BF37160005AFFC8 /* task_managementUITests.swift */,
				35C1EA8D2BF37160005AFFC8 /* task_managementUITestsLaunchTests.swift */,
			);
			path = "task-managementUITests";
			sourceTree = "<group>";
		};
/* End PBXGroup section */

/* Begin PBXNativeTarget section */
		35C1EA6C2BF3715E005AFFC8 /* task-management */ = {
			isa = PBXNativeTarget;
			buildConfigurationList = 35C1EA912BF37160005AFFC8 /* Build configuration list for PBXNativeTarget "task-management" */;
			buildPhases = (
				35C1EA692BF3715E005AFFC8 /* Sources */,
				35C1EA6A2BF3715E005AFFC8 /* Frameworks */,
				35C1EA6B2BF3715E005AFFC8 /* Resources */,
			);
			buildRules = (
			);
			dependencies = (
			);
			name = "task-management";
			productName = "task-management";
			productReference = 35C1EA6D2BF3715E005AFFC8 /* task-management.app */;
			productType = "com.apple.product-type.application";
		};
		35C1EA7C2BF37160005AFFC8 /* task-managementTests */ = {
			isa = PBXNativeTarget;
			buildConfigurationList = 35C1EA942BF37160005AFFC8 /* Build configuration list for PBXNativeTarget "task-managementTests" */;
			buildPhases = (
				35C1EA792BF37160005AFFC8 /* Sources */,
				35C1EA7A2BF37160005AFFC8 /* Frameworks */,
				35C1EA7B2BF37160005AFFC8 /* Resources */,
			);
			buildRules = (
			);
			dependencies = (
				35C1EA7F2BF37160005AFFC8 /* PBXTargetDependency */,
			);
			name = "task-managementTests";
			productName = "task-managementTests";
			productReference = 35C1EA7D2BF37160005AFFC8 /* task-managementTests.xctest */;
			productType = "com.apple.product-type.bundle.unit-test";
		};
		35C1EA862BF37160005AFFC8 /* task-managementUITests */ = {
			isa = PBXNativeTarget;
			buildConfigurationList = 35C1EA972BF37160005AFFC8 /* Build configuration list for PBXNativeTarget "task-managementUITests" */;
			buildPhases = (
				35C1EA832BF37160005AFFC8 /* Sources */,
				35C1EA842BF37160005AFFC8 /* Frameworks */,
				35C1EA852BF37160005AFFC8 /* Resources */,
			);
			buildRules = (
			);
			dependencies = (
				35C1EA892BF37160005AFFC8 /* PBXTargetDependency */,
			);
			name = "task-managementUITests";
			productName = "task-managementUITests";
			productReference = 35C1EA872BF37160005AFFC8 /* task-managementUITests.xctest */;
			productType = "com.apple.product-type.bundle.ui-testing";
		};
/* End PBXNativeTarget section */

/* Begin PBXProject section */
		35C1EA652BF3715E005AFFC8 /* Project object */ = {
			isa = PBXProject;
			attributes = {
				BuildIndependentTargetsInParallel = 1;
				LastSwiftUpdateCheck = 1530;
				LastUpgradeCheck = 1530;
				TargetAttributes = {
					35C1EA6C2BF3715E005AFFC8 = {
						CreatedOnToolsVersion = 15.3;
					};
					35C1EA7C2BF37160005AFFC8 = {
						CreatedOnToolsVersion = 15.3;
						TestTargetID = 35C1EA6C2BF3715E005AFFC8;
					};
					35C1EA862BF37160005AFFC8 = {
						CreatedOnToolsVersion = 15.3;
						TestTargetID = 35C1EA6C2BF3715E005AFFC8;
					};
				};
			};
			buildConfigurationList = 35C1EA682BF3715E005AFFC8 /* Build configuration list for PBXProject "task-management" */;
			compatibilityVersion = "Xcode 14.0";
			developmentRegion = en;
			hasScannedForEncodings = 0;
			knownRegions = (
				en,
				Base,
			);
			mainGroup = 35C1EA642BF3715E005AFFC8;
			productRefGroup = 35C1EA6E2BF3715E005AFFC8 /* Products */;
			projectDirPath = "";
			projectRoot = "";
			targets = (
				35C1EA6C2BF3715E005AFFC8 /* task-management */,
				35C1EA7C2BF37160005AFFC8 /* task-managementTests */,
				35C1EA862BF37160005AFFC8 /* task-managementUITests */,
			);
		};
/* End PBXProject section */

/* Begin PBXResourcesBuildPhase section */
		35C1EA6B2BF3715E005AFFC8 /* Resources */ = {
			isa = PBXResourcesBuildPhase;
			buildActionMask = 2147483647;
			files = (
				35C1EA782BF37160005AFFC8 /* Preview Assets.xcassets in Resources */,
				35C1EA752BF37160005AFFC8 /* Assets.xcassets in Resources */,
			);
			runOnlyForDeploymentPostprocessing = 0;
		};
		35C1EA7B2BF37160005AFFC8 /* Resources */ = {
			isa = PBXResourcesBuildPhase;
			buildActionMask = 2147483647;
			files = (
			);
			runOnlyForDeploymentPostprocessing = 0;
		};
		35C1EA852BF37160005AFFC8 /* Resources */ = {
			isa = PBXResourcesBuildPhase;
			buildActionMask = 2147483647;
			files = (
			);
			runOnlyForDeploymentPostprocessing = 0;
		};
/* End PBXResourcesBuildPhase section */

/* Begin PBXSourcesBuildPhase section */
		35C1EA692BF3715E005AFFC8 /* Sources */ = {
			isa = PBXSourcesBuildPhase;
			buildActionMask = 2147483647;
			files = (
				35C1EA732BF3715E005AFFC8 /* ContentView.swift in Sources */,
				35C1EA712BF3715E005AFFC8 /* task_managementApp.swift in Sources */,
			);
			runOnlyForDeploymentPostprocessing = 0;
		};
		35C1EA792BF37160005AFFC8 /* Sources */ = {
			isa = PBXSourcesBuildPhase;
			buildActionMask = 2147483647;
			files = (
				35C1EA822BF37160005AFFC8 /* task_managementTests.swift in Sources */,
			);
			runOnlyForDeploymentPostprocessing = 0;
		};
		35C1EA832BF37160005AFFC8 /* Sources */ = {
			isa = PBXSourcesBuildPhase;
			buildActionMask = 2147483647;
			files = (
				35C1EA8E2BF37160005AFFC8 /* task_managementUITestsLaunchTests.swift in Sources */,
				35C1EA8C2BF37160005AFFC8 /* task_managementUITests.swift in Sources */,
			);
			runOnlyForDeploymentPostprocessing = 0;
		};
/* End PBXSourcesBuildPhase section */

/* Begin PBXTargetDependency section */
		35C1EA7F2BF37160005AFFC8 /* PBXTargetDependency */ = {
			isa = PBXTargetDependency;
			target = 35C1EA6C2BF3715E005AFFC8 /* task-management */;
			targetProxy = 35C1EA7E2BF37160005AFFC8 /* PBXContainerItemProxy */;
		};
		35C1EA892BF37160005AFFC8 /* PBXTargetDependency */ = {
			isa = PBXTargetDependency;
			target = 35C1EA6C2BF3715E005AFFC8 /* task-management */;
			targetProxy = 35C1EA882BF37160005AFFC8 /* PBXContainerItemProxy */;
		};
/* End PBXTargetDependency section */

/* Begin XCBuildConfiguration section */
		35C1EA8F2BF37160005AFFC8 /* Debug */ = {
			isa = XCBuildConfiguration;
			buildSettings = {
				ALWAYS_SEARCH_USER_PATHS = NO;
				ASSETCATALOG_COMPILER_GENERATE_SWIFT_ASSET_SYMBOL_EXTENSIONS = YES;
				CLANG_ANALYZER_NONNULL = YES;
				CLANG_ANALYZER_NUMBER_OBJECT_CONVERSION = YES_AGGRESSIVE;
				CLANG_CXX_LANGUAGE_STANDARD = "gnu++20";
				CLANG_ENABLE_MODULES = YES;
				CLANG_ENABLE_OBJC_ARC = YES;
				CLANG_ENABLE_OBJC_WEAK = YES;
				CLANG_WARN_BLOCK_CAPTURE_AUTORELEASING = YES;
				CLANG_WARN_BOOL_CONVERSION = YES;
				CLANG_WARN_COMMA = YES;
				CLANG_WARN_CONSTANT_CONVERSION = YES;
				CLANG_WARN_DEPRECATED_OBJC_IMPLEMENTATIONS = YES;
				CLANG_WARN_DIRECT_OBJC_ISA_USAGE = YES_ERROR;
				CLANG_WARN_DOCUMENTATION_COMMENTS = YES;
				CLANG_WARN_EMPTY_BODY = YES;
				CLANG_WARN_ENUM_CONVERSION = YES;
				CLANG_WARN_INFINITE_RECURSION = YES;
				CLANG_WARN_INT_CONVERSION = YES;
				CLANG_WARN_NON_LITERAL_NULL_CONVERSION = YES;
				CLANG_WARN_OBJC_IMPLICIT_RETAIN_SELF = YES;
				CLANG_WARN_OBJC_LITERAL_CONVERSION = YES;
				CLANG_WARN_OBJC_ROOT_CLASS = YES_ERROR;
				CLANG_WARN_QUOTED_INCLUDE_IN_FRAMEWORK_HEADER = YES;
				CLANG_WARN_RANGE_LOOP_ANALYSIS = YES;
				CLANG_WARN_STRICT_PROTOTYPES = YES;
				CLANG_WARN_SUSPICIOUS_MOVE = YES;
				CLANG_WARN_UNGUARDED_AVAILABILITY = YES_AGGRESSIVE;
				CLANG_WARN_UNREACHABLE_CODE = YES;
				CLANG_WARN__DUPLICATE_METHOD_MATCH = YES;
				COPY_PHASE_STRIP = NO;
				DEBUG_INFORMATION_FORMAT = dwarf;
				ENABLE_STRICT_OBJC_MSGSEND = YES;
				ENABLE_TESTABILITY = YES;
				ENABLE_USER_SCRIPT_SANDBOXING = YES;
				GCC_C_LANGUAGE_STANDARD = gnu17;
				GCC_DYNAMIC_NO_PIC = NO;
				GCC_NO_COMMON_BLOCKS = YES;
				GCC_OPTIMIZATION_LEVEL = 0;
				GCC_PREPROCESSOR_DEFINITIONS = (
					"DEBUG=1",
					"$(inherited)",
				);
				GCC_WARN_64_TO_32_BIT_CONVERSION = YES;
				GCC_WARN_ABOUT_RETURN_TYPE = YES_ERROR;
				GCC_WARN_UNDECLARED_SELECTOR = YES;
				GCC_WARN_UNINITIALIZED_AUTOS = YES_AGGRESSIVE;
				GCC_WARN_UNUSED_FUNCTION = YES;
				GCC_WARN_UNUSED_VARIABLE = YES;
				IPHONEOS_DEPLOYMENT_TARGET = 17.4;
				LOCALIZATION_PREFERS_STRING_CATALOGS = YES;
				MTL_ENABLE_DEBUG_INFO = INCLUDE_SOURCE;
				MTL_FAST_MATH = YES;
				ONLY_ACTIVE_ARCH = YES;
				SDKROOT = iphoneos;
				SWIFT_ACTIVE_COMPILATION_CONDITIONS = "DEBUG $(inherited)";
				SWIFT_OPTIMIZATION_LEVEL = "-Onone";
			};
			name = Debug;
		};
		35C1EA902BF37160005AFFC8 /* Release */ = {
			isa = XCBuildConfiguration;
			buildSettings = {
				ALWAYS_SEARCH_USER_PATHS = NO;
				ASSETCATALOG_COMPILER_GENERATE_SWIFT_ASSET_SYMBOL_EXTENSIONS = YES;
				CLANG_ANALYZER_NONNULL = YES;
				CLANG_ANALYZER_NUMBER_OBJECT_CONVERSION = YES_AGGRESSIVE;
				CLANG_CXX_LANGUAGE_STANDARD = "gnu++20";
				CLANG_ENABLE_MODULES = YES;
				CLANG_ENABLE_OBJC_ARC = YES;
				CLANG_ENABLE_OBJC_WEAK = YES;
				CLANG_WARN_BLOCK_CAPTURE_AUTORELEASING = YES;
				CLANG_WARN_BOOL_CONVERSION = YES;
				CLANG_WARN_COMMA = YES;
				CLANG_WARN_CONSTANT_CONVERSION = YES;
				CLANG_WARN_DEPRECATED_OBJC_IMPLEMENTATIONS = YES;
				CLANG_WARN_DIRECT_OBJC_ISA_USAGE = YES_ERROR;
				CLANG_WARN_DOCUMENTATION_COMMENTS = YES;
				CLANG_WARN_EMPTY_BODY = YES;
				CLANG_WARN_ENUM_CONVERSION = YES;
				CLANG_WARN_INFINITE_RECURSION = YES;
				CLANG_WARN_INT_CONVERSION = YES;
				CLANG_WARN_NON_LITERAL_NULL_CONVERSION = YES;
				CLANG_WARN_OBJC_IMPLICIT_RETAIN_SELF = YES;
				CLANG_WARN_OBJC_LITERAL_CONVERSION = YES;
				CLANG_WARN_OBJC_ROOT_CLASS = YES_ERROR;
				CLANG_WARN_QUOTED_INCLUDE_IN_FRAMEWORK_HEADER = YES;
				CLANG_WARN_RANGE_LOOP_ANALYSIS = YES;
				CLANG_WARN_STRICT_PROTOTYPES = YES;
				CLANG_WARN_SUSPICIOUS_MOVE = YES;
				CLANG_WARN_UNGUARDED_AVAILABILITY = YES_AGGRESSIVE;
				CLANG_WARN_UNREACHABLE_CODE = YES;
				CLANG_WARN__DUPLICATE_METHOD_MATCH = YES;
				COPY_PHASE_STRIP = NO;
				DEBUG_INFORMATION_FORMAT = "dwarf-with-dsym";
				ENABLE_NS_ASSERTIONS = NO;
				ENABLE_STRICT_OBJC_MSGSEND = YES;
				ENABLE_USER_SCRIPT_SANDBOXING = YES;
				GCC_C_LANGUAGE_STANDARD = gnu17;
				GCC_NO_COMMON_BLOCKS = YES;
				GCC_WARN_64_TO_32_BIT_CONVERSION = YES;
				GCC_WARN_ABOUT_RETURN_TYPE = YES_ERROR;
				GCC_WARN_UNDECLARED_SELECTOR = YES;
				GCC_WARN_UNINITIALIZED_AUTOS = YES_AGGRESSIVE;
				GCC_WARN_UNUSED_FUNCTION = YES;
				GCC_WARN_UNUSED_VARIABLE = YES;
				IPHONEOS_DEPLOYMENT_TARGET = 17.4;
				LOCALIZATION_PREFERS_STRING_CATALOGS = YES;
				MTL_ENABLE_DEBUG_INFO = NO;
				MTL_FAST_MATH = YES;
				SDKROOT = iphoneos;
				SWIFT_COMPILATION_MODE = wholemodule;
				VALIDATE_PRODUCT = YES;
			};
			name = Release;
		};
		35C1EA922BF37160005AFFC8 /* Debug */ = {
			isa = XCBuildConfiguration;
			buildSettings = {
				ASSETCATALOG_COMPILER_APPICON_NAME = AppIcon;
				ASSETCATALOG_COMPILER_GLOBAL_ACCENT_COLOR_NAME = AccentColor;
				CODE_SIGN_STYLE = Automatic;
				CURRENT_PROJECT_VERSION = 1;
				DEVELOPMENT_ASSET_PATHS = "\"task-management/Preview Content\"";
				ENABLE_PREVIEWS = YES;
				GENERATE_INFOPLIST_FILE = YES;
				INFOPLIST_KEY_UIApplicationSceneManifest_Generation = YES;
				INFOPLIST_KEY_UIApplicationSupportsIndirectInputEvents = YES;
				INFOPLIST_KEY_UILaunchScreen_Generation = YES;
				INFOPLIST_KEY_UISupportedInterfaceOrientations_iPad = "UIInterfaceOrientationPortrait UIInterfaceOrientationPortraitUpsideDown UIInterfaceOrientationLandscapeLeft UIInterfaceOrientationLandscapeRight";
				INFOPLIST_KEY_UISupportedInterfaceOrientations_iPhone = "UIInterfaceOrientationPortrait UIInterfaceOrientationLandscapeLeft UIInterfaceOrientationLandscapeRight";
				LD_RUNPATH_SEARCH_PATHS = (
					"$(inherited)",
					"@executable_path/Frameworks",
				);
				MARKETING_VERSION = 1.0;
				PRODUCT_BUNDLE_IDENTIFIER = "iarche.task-management";
				PRODUCT_NAME = "$(TARGET_NAME)";
				SWIFT_EMIT_LOC_STRINGS = YES;
				SWIFT_VERSION = 5.0;
				TARGETED_DEVICE_FAMILY = "1,2";
			};
			name = Debug;
		};
		35C1EA932BF37160005AFFC8 /* Release */ = {
			isa = XCBuildConfiguration;
			buildSettings = {
				ASSETCATALOG_COMPILER_APPICON_NAME = AppIcon;
				ASSETCATALOG_COMPILER_GLOBAL_ACCENT_COLOR_NAME = AccentColor;
				CODE_SIGN_STYLE = Automatic;
				CURRENT_PROJECT_VERSION = 1;
				DEVELOPMENT_ASSET_PATHS = "\"task-management/Preview Content\"";
				ENABLE_PREVIEWS = YES;
				GENERATE_INFOPLIST_FILE = YES;
				INFOPLIST_KEY_UIApplicationSceneManifest_Generation = YES;
				INFOPLIST_KEY_UIApplicationSupportsIndirectInputEvents = YES;
				INFOPLIST_KEY_UILaunchScreen_Generation = YES;
				INFOPLIST_KEY_UISupportedInterfaceOrientations_iPad = "UIInterfaceOrientationPortrait UIInterfaceOrientationPortraitUpsideDown UIInterfaceOrientationLandscapeLeft UIInterfaceOrientationLandscapeRight";
				INFOPLIST_KEY_UISupportedInterfaceOrientations_iPhone = "UIInterfaceOrientationPortrait UIInterfaceOrientationLandscapeLeft UIInterfaceOrientationLandscapeRight";
				LD_RUNPATH_SEARCH_PATHS = (
					"$(inherited)",
					"@executable_path/Frameworks",
				);
				MARKETING_VERSION = 1.0;
				PRODUCT_BUNDLE_IDENTIFIER = "iarche.task-management";
				PRODUCT_NAME = "$(TARGET_NAME)";
				SWIFT_EMIT_LOC_STRINGS = YES;
				SWIFT_VERSION = 5.0;
				TARGETED_DEVICE_FAMILY = "1,2";
			};
			name = Release;
		};
		35C1EA952BF37160005AFFC8 /* Debug */ = {
			isa = XCBuildConfiguration;
			buildSettings = {
				ALWAYS_EMBED_SWIFT_STANDARD_LIBRARIES = YES;
				BUNDLE_LOADER = "$(TEST_HOST)";
				CODE_SIGN_STYLE = Automatic;
				CURRENT_PROJECT_VERSION = 1;
				GENERATE_INFOPLIST_FILE = YES;
				IPHONEOS_DEPLOYMENT_TARGET = 17.4;
				MARKETING_VERSION = 1.0;
				PRODUCT_BUNDLE_IDENTIFIER = "iarche.task-managementTests";
				PRODUCT_NAME = "$(TARGET_NAME)";
				SWIFT_EMIT_LOC_STRINGS = NO;
				SWIFT_VERSION = 5.0;
				TARGETED_DEVICE_FAMILY = "1,2";
				TEST_HOST = "$(BUILT_PRODUCTS_DIR)/task-management.app/$(BUNDLE_EXECUTABLE_FOLDER_PATH)/task-management";
			};
			name = Debug;
		};
		35C1EA962BF37160005AFFC8 /* Release */ = {
			isa = XCBuildConfiguration;
			buildSettings = {
				ALWAYS_EMBED_SWIFT_STANDARD_LIBRARIES = YES;
				BUNDLE_LOADER = "$(TEST_HOST)";
				CODE_SIGN_STYLE = Automatic;
				CURRENT_PROJECT_VERSION = 1;
				GENERATE_INFOPLIST_FILE = YES;
				IPHONEOS_DEPLOYMENT_TARGET = 17.4;
				MARKETING_VERSION = 1.0;
				PRODUCT_BUNDLE_IDENTIFIER = "iarche.task-managementTests";
				PRODUCT_NAME = "$(TARGET_NAME)";
				SWIFT_EMIT_LOC_STRINGS = NO;
				SWIFT_VERSION = 5.0;
				TARGETED_DEVICE_FAMILY = "1,2";
				TEST_HOST = "$(BUILT_PRODUCTS_DIR)/task-management.app/$(BUNDLE_EXECUTABLE_FOLDER_PATH)/task-management";
			};
			name = Release;
		};
		35C1EA982BF37160005AFFC8 /* Debug */ = {
			isa = XCBuildConfiguration;
			buildSettings = {
				ALWAYS_EMBED_SWIFT_STANDARD_LIBRARIES = YES;
				CODE_SIGN_STYLE = Automatic;
				CURRENT_PROJECT_VERSION = 1;
				GENERATE_INFOPLIST_FILE = YES;
				MARKETING_VERSION = 1.0;
				PRODUCT_BUNDLE_IDENTIFIER = "iarche.task-managementUITests";
				PRODUCT_NAME = "$(TARGET_NAME)";
				SWIFT_EMIT_LOC_STRINGS = NO;
				SWIFT_VERSION = 5.0;
				TARGETED_DEVICE_FAMILY = "1,2";
				TEST_TARGET_NAME = "task-management";
			};
			name = Debug;
		};
		35C1EA992BF37160005AFFC8 /* Release */ = {
			isa = XCBuildConfiguration;
			buildSettings = {
				ALWAYS_EMBED_SWIFT_STANDARD_LIBRARIES = YES;
				CODE_SIGN_STYLE = Automatic;
				CURRENT_PROJECT_VERSION = 1;
				GENERATE_INFOPLIST_FILE = YES;
				MARKETING_VERSION = 1.0;
				PRODUCT_BUNDLE_IDENTIFIER = "iarche.task-managementUITests";
				PRODUCT_NAME = "$(TARGET_NAME)";
				SWIFT_EMIT_LOC_STRINGS = NO;
				SWIFT_VERSION = 5.0;
				TARGETED_DEVICE_FAMILY = "1,2";
				TEST_TARGET_NAME = "task-management";
			};
			name = Release;
		};
/* End XCBuildConfiguration section */

/* Begin XCConfigurationList section */
		35C1EA682BF3715E005AFFC8 /* Build configuration list for PBXProject "task-management" */ = {
			isa = XCConfigurationList;
			buildConfigurations = (
				35C1EA8F2BF37160005AFFC8 /* Debug */,
				35C1EA902BF37160005AFFC8 /* Release */,
			);
			defaultConfigurationIsVisible = 0;
			defaultConfigurationName = Release;
		};
		35C1EA912BF37160005AFFC8 /* Build configuration list for PBXNativeTarget "task-management" */ = {
			isa = XCConfigurationList;
			buildConfigurations = (
				35C1EA922BF37160005AFFC8 /* Debug */,
				35C1EA932BF37160005AFFC8 /* Release */,
			);
			defaultConfigurationIsVisible = 0;
			defaultConfigurationName = Release;
		};
		35C1EA942BF37160005AFFC8 /* Build configuration list for PBXNativeTarget "task-managementTests" */ = {
			isa = XCConfigurationList;
			buildConfigurations = (
				35C1EA952BF37160005AFFC8 /* Debug */,
				35C1EA962BF37160005AFFC8 /* Release */,
			);
			defaultConfigurationIsVisible = 0;
			defaultConfigurationName = Release;
		};
		35C1EA972BF37160005AFFC8 /* Build configuration list for PBXNativeTarget "task-managementUITests" */ = {
			isa = XCConfigurationList;
			buildConfigurations = (
				35C1EA982BF37160005AFFC8 /* Debug */,
				35C1EA992BF37160005AFFC8 /* Release */,
			);
			defaultConfigurationIsVisible = 0;
			defaultConfigurationName = Release;
		};
/* End XCConfigurationList section */
	};
	rootObject = 35C1EA652BF3715E005AFFC8 /* Project object */;
}
